
Microsoft Visual Studio Solution File, Format Version 12.00
# Visual Studio Version 16
VisualStudioVersion = 16.0.32929.386
MinimumVisualStudioVersion = 10.0.40219.1
Project("{FAE04EC0-301F-11D3-BF4B-00C04F79EFBC}") = "RoomsTag", "RoomsTag.csproj", "{28D80A25-7F1E-4CF6-95FD-80C3B70F660B}"
EndProject
Global
	GlobalSection(SolutionConfigurationPlatforms) = preSolution
		Debug|Any CPU = Debug|Any CPU
		Release|Any CPU = Release|Any CPU
	EndGlobalSection
	GlobalSection(ProjectConfigurationPlatforms) = postSolution
		{28D80A25-7F1E-4CF6-95FD-80C3B70F660B}.Debug|Any CPU.ActiveCfg = Debug|Any CPU
		{28D80A25-7F1E-4CF6-95FD-80C3B70F660B}.Debug|Any CPU.Build.0 = Debug|Any CPU
		{28D80A25-7F1E-4CF6-95FD-80C3B70F660B}.Release|Any CPU.ActiveCfg = Release|Any CPU
		{28D80A25-7F1E-4CF6-95FD-80C3B70F660B}.Release|Any CPU.Build.0 = Release|Any CPU
	EndGlobalSection
	GlobalSection(SolutionProperties) = preSolution
		HideSolutionNode = FALSE
	EndGlobalSection
	GlobalSection(ExtensibilityGlobals) = postSolution
		SolutionGuid = {81B1D5AC-320A-4A30-816F-8D2AA5E46F27}
	EndGlobalSection
EndGlobal
